{
  "lockfileVersion": 1,
  "configVersion": 1,
  "workspaces": {
    "": {
      "name": "pocket-tool-http",
      "dependencies": {
        "@discordjs/collection": "^2.1.1",
        "@discordjs/core": "^2.5.0",
        "@discordjs/rest": "^2.6.1",
        "@elevenlabs/elevenlabs-js": "^2.54.0",
        "@supabase/supabase-js": "^2.108.2",
        "chrono-node": "^2.9.1",
        "hono": "^4.12.27",
        "https-proxy-agent": "^9.1.0",
        "i18next": "^26.3.2",
        "i18next-fs-backend": "^2.6.6",
        "linkdave": "^0.2.3",
        "luxon": "^3.7.2",
        "mathjs": "^15.2.0",
        "node-cron": "^4.5.0",
        "node-fetch": "^3.3.2",
        "openai": "^6.44.0",
        "redis": "^6.0.0",
        "sharp": "^0.35.2",
        "socks-proxy-agent": "^10.1.0",
        "tweetnacl": "^1.0.3",
      },
      "devDependencies": {
        "@types/bun": "latest",
        "@types/luxon": "^3.7.2",
        "prettier": "^3.8.4",
        "typescript": "^6.0.3",
      },
    },
  },
  "packages": {
    "@babel/runtime": ["@babel/runtime@7.29.7", "", {}, "sha512-Nq8OhGWiZIZGV6hLHoyAKLLcJihP/xFeBMGJoUrxTX2psI8dCifzLhZISFb+VWS3wFMRDmCGw5R+dOySCqPLhw=="],

    "@discordjs/collection": ["@discordjs/collection@2.1.1", "", {}, "sha512-LiSusze9Tc7qF03sLCujF5iZp7K+vRNEDBZ86FT9aQAv3vxMLihUvKvpsCWiQ2DJq1tVckopKm1rxomgNUc9hg=="],

    "@discordjs/core": ["@discordjs/core@2.5.0", "", { "dependencies": { "@discordjs/rest": "^2.6.1", "@discordjs/util": "^1.2.0", "@discordjs/ws": "^2.0.4", "@sapphire/snowflake": "^3.5.5", "@vladfrangu/async_event_emitter": "^2.4.6", "discord-api-types": "^0.38.48" } }, "sha512-7wRdqrfT/cBOwDCj1wu8KrvolUad9fIdYTBk8EOzaz8+9Yqu38R2ZxEQEDxKU4kIi8p4UK8SGOjd6gV3hZZBjw=="],

    "@discordjs/rest": ["@discordjs/rest@2.6.1", "", { "dependencies": { "@discordjs/collection": "^2.1.1", "@discordjs/util": "^1.2.0", "@sapphire/async-queue": "^1.5.3", "@sapphire/snowflake": "^3.5.5", "@vladfrangu/async_event_emitter": "^2.4.6", "discord-api-types": "^0.38.40", "magic-bytes.js": "^1.13.0", "tslib": "^2.6.3", "undici": "6.24.1" } }, "sha512-wwQdgjeaoYFiaG+atbqx6aJDpqW7JHAo0HrQkBTbYzM3/PJ3GweQIpgElNcGZ26DCUOXMyawYd0YF7vtr+fZXg=="],

    "@discordjs/util": ["@discordjs/util@1.2.0", "", { "dependencies": { "discord-api-types": "^0.38.33" } }, "sha512-3LKP7F2+atl9vJFhaBjn4nOaSWahZ/yWjOvA4e5pnXkt2qyXRCHLxoBQy81GFtLGCq7K9lPm9R517M1U+/90Qg=="],

    "@discordjs/ws": ["@discordjs/ws@2.0.4", "", { "dependencies": { "@discordjs/collection": "^2.1.1", "@discordjs/rest": "^2.6.0", "@discordjs/util": "^1.1.1", "@sapphire/async-queue": "^1.5.3", "@types/ws": "^8.5.12", "@vladfrangu/async_event_emitter": "^2.4.6", "discord-api-types": "^0.38.32", "tslib": "^2.6.3", "ws": "^8.18.0" } }, "sha512-ARXnE+qi+D7Y4trd1bKA9uhiUxQvLbOKcdehDa6NLd7FiqmDvvk8N5RGk6Ho9gdT/Wap09dz/IuLv7hNpUzt6g=="],

    "@elevenlabs/elevenlabs-js": ["@elevenlabs/elevenlabs-js@2.54.0", "", { "dependencies": { "command-exists": "^1.2.9", "node-fetch": "^2.7.0", "ws": "^8.18.3" } }, "sha512-2ZGykjNFa1qNkmBfuCt9L5DH3y4NFZpNZK4gFRdNkGsBeaikeysNK/fylieap8Y2iJh8bpadYWqqw5urv7yyFQ=="],

    "@emnapi/runtime": ["@emnapi/runtime@1.11.1", "", { "dependencies": { "tslib": "^2.4.0" } }, "sha512-vgj7R3y3Wgx24IQaGPA/R6YFXLHVMOZ0uVEyIQPaWs+rd1AzfEMXlAC22FYwO1XkKR6NPsq7mUandH8oIRdZFw=="],

    "@img/colour": ["@img/colour@1.1.0", "", {}, "sha512-Td76q7j57o/tLVdgS746cYARfSyxk8iEfRxewL9h4OMzYhbW4TAcppl0mT4eyqXddh6L/jwoM75mo7ixa/pCeQ=="],

    "@img/sharp-darwin-arm64": ["@img/sharp-darwin-arm64@0.35.2", "", { "optionalDependencies": { "@img/sharp-libvips-darwin-arm64": "1.3.1" }, "os": "darwin", "cpu": "arm64" }, "sha512-eEieHsMksAW4IiO5NzauESRl2D2qz3J/kwUxUrSfV06A93eEaRfMpHXyUb1mAqrR7i8U9A0GRqE9pjn6u1Jjpg=="],

    "@img/sharp-darwin-x64": ["@img/sharp-darwin-x64@0.35.2", "", { "optionalDependencies": { "@img/sharp-libvips-darwin-x64": "1.3.1" }, "os": "darwin", "cpu": "x64" }, "sha512-BaktuGPCeHJMARpodR8jK4uKiZrPAy9WrfQW0sdI37clracq8Bp01AYS3SZgi5FS/y5twa9t4+LIuuxQjqRrWw=="],

    "@img/sharp-freebsd-wasm32": ["@img/sharp-freebsd-wasm32@0.35.2", "", { "dependencies": { "@img/sharp-wasm32": "0.35.2" }, "os": "freebsd" }, "sha512-YoAxdnd8hPUkvLHd3bWY+YA8nw3xM/RyRopYucNsWHVSan8NLVM3X2volsfoRDcXdUJPg6tXahSd7HXPK7lRnw=="],

    "@img/sharp-libvips-darwin-arm64": ["@img/sharp-libvips-darwin-arm64@1.3.1", "", { "os": "darwin", "cpu": "arm64" }, "sha512-4V/M3roRMTYjiwZY9IOVQOE8OyeCxFAkYmyZDrZl51uOKjibm3oeEJ4WAmLxutAfzFbC9jqUiPs2gbnGflH+7g=="],

    "@img/sharp-libvips-darwin-x64": ["@img/sharp-libvips-darwin-x64@1.3.1", "", { "os": "darwin", "cpu": "x64" }, "sha512-c0/DxItpJv2+dGhgycJBBgotdqruGYDvA79drdh0MD1dFpy7JzJ/PlXwi1H4rFf0eTy8tgbI91aHDnZIceY3jQ=="],

    "@img/sharp-libvips-linux-arm": ["@img/sharp-libvips-linux-arm@1.3.1", "", { "os": "linux", "cpu": "arm" }, "sha512-aGGy9aWzXgHBG7HNyQPWorZthlp7+x6fDRoPAQbGO3ThcttuTyKIx3NuSHb6zb4gBNq6/yNn9f1cy9nFKS/Vmg=="],

    "@img/sharp-libvips-linux-arm64": ["@img/sharp-libvips-linux-arm64@1.3.1", "", { "os": "linux", "cpu": "arm64" }, "sha512-JznefmcK9j1JKPz8AkQDh89kjojubyfOasWBPKfzMIhPwsgDy9evpE/naJTXXXmghS1iFwR8u/kTwh/I2/+GCw=="],

    "@img/sharp-libvips-linux-ppc64": ["@img/sharp-libvips-linux-ppc64@1.3.1", "", { "os": "linux", "cpu": "ppc64" }, "sha512-1EkwGNCZk6iWNCMWqrvdJ+r1j0PT1zIz60CNPhYnJlK/zyeWqlsPZIe+ocBVqPF8k/Ssee/NCk+tE9Ryrko6ng=="],

    "@img/sharp-libvips-linux-riscv64": ["@img/sharp-libvips-linux-riscv64@1.3.1", "", { "os": "linux", "cpu": "none" }, "sha512-Ilays+w2bXdnxzxtQdmXR62u8o8GYa3eL4+Gr+1KiE4xperMZUslRaVPJwwPkzlHEjGfXAfRVAa/7CYCtSqsBw=="],

    "@img/sharp-libvips-linux-s390x": ["@img/sharp-libvips-linux-s390x@1.3.1", "", { "os": "linux", "cpu": "s390x" }, "sha512-VfBwVHQTbRoj4XlpA/KLZ7ltgMpz+4WSejFzQ+GnoImjo1PtEJ59QB2qR1xQEeRPYIkNrPIm2L4cICMvz4C2ew=="],

    "@img/sharp-libvips-linux-x64": ["@img/sharp-libvips-linux-x64@1.3.1", "", { "os": "linux", "cpu": "x64" }, "sha512-+c8ukgwU62DS54nCAjw7keOfHUkmr0B5QHEdcOqRnodF/MNXJbVI8Eopoj4B/0H8Asr65I+A4Amrn7a85/md6A=="],

    "@img/sharp-libvips-linuxmusl-arm64": ["@img/sharp-libvips-linuxmusl-arm64@1.3.1", "", { "os": "linux", "cpu": "arm64" }, "sha512-qlKb/pwbkAi1WMsJrYHk7CuDrd12s27U2QnRhFYUoJNrRCmkosMTttuRFat/DDB3IlDm5qE1TJgZ4JDnHX8Ldw=="],

    "@img/sharp-libvips-linuxmusl-x64": ["@img/sharp-libvips-linuxmusl-x64@1.3.1", "", { "os": "linux", "cpu": "x64" }, "sha512-yO21HwoUVLN8Qa+/SBjQLMYwBWAVJjeGPNe+hc0OUeMeifEtJqu5a1c4HayE1nNpDih9y3/KkoltfkDodmKAlg=="],

    "@img/sharp-linux-arm": ["@img/sharp-linux-arm@0.35.2", "", { "optionalDependencies": { "@img/sharp-libvips-linux-arm": "1.3.1" }, "os": "linux", "cpu": "arm" }, "sha512-SE4kzF2mepn6z+6E7L6lsV8FzuLL6IPQdyX8ZiwROAG/G8td+hP/m7FsFPwidtrF19gvajuC9l6TxAVcsA4S7A=="],

    "@img/sharp-linux-arm64": ["@img/sharp-linux-arm64@0.35.2", "", { "optionalDependencies": { "@img/sharp-libvips-linux-arm64": "1.3.1" }, "os": "linux", "cpu": "arm64" }, "sha512-af12Pnd0ZGu2HfP8NayB0kk6eC/lrfbQE6HlR4jD+34wdJ1Vw9TF6TMn6ZvffT+WgqVsl0hRbmNvz2u/23VmwA=="],

    "@img/sharp-linux-ppc64": ["@img/sharp-linux-ppc64@0.35.2", "", { "optionalDependencies": { "@img/sharp-libvips-linux-ppc64": "1.3.1" }, "os": "linux", "cpu": "ppc64" }, "sha512-hYSBm7zcNtDCozCxQHYZJiu63b/bXsgRZuOxCIBZsStMM9Vap47iFHdbX4kCvQsblPB/k+clhELpdQJHQLSHvg=="],

    "@img/sharp-linux-riscv64": ["@img/sharp-linux-riscv64@0.35.2", "", { "optionalDependencies": { "@img/sharp-libvips-linux-riscv64": "1.3.1" }, "os": "linux", "cpu": "none" }, "sha512-qQt0Kc13+Hoan/Awq/qMSQw3L+RI1NCRPgD5cUJ/1WSSmIoysLOc72jlRM3E0OHN9Yr313jgeQ2T+zW+F03QFA=="],

    "@img/sharp-linux-s390x": ["@img/sharp-linux-s390x@0.35.2", "", { "optionalDependencies": { "@img/sharp-libvips-linux-s390x": "1.3.1" }, "os": "linux", "cpu": "s390x" }, "sha512-E4fLLfRPzDLlEeDaTzI98OFLcv++WL5ChLLMwPoVd0CIoZQqupBSNbOisPL5am9XsbQ9T84+iiMpUvbFtkunbA=="],

    "@img/sharp-linux-x64": ["@img/sharp-linux-x64@0.35.2", "", { "optionalDependencies": { "@img/sharp-libvips-linux-x64": "1.3.1" }, "os": "linux", "cpu": "x64" }, "sha512-gi0zFJJRLswfCZmHtJdikXPOc5u7qamSOS3NHedLqLd4W8Q0NqjdBr6TTRIgsfFjqfTsHFgdfvJ9LwqSgcHiAA=="],

    "@img/sharp-linuxmusl-arm64": ["@img/sharp-linuxmusl-arm64@0.35.2", "", { "optionalDependencies": { "@img/sharp-libvips-linuxmusl-arm64": "1.3.1" }, "os": "linux", "cpu": "arm64" }, "sha512-siWbOW1u6HFnFLrp0waKyW7VEf7jYvcDWdrXEFa8AkdAQgEvuu5Fz8/Y70w9EeqAdwDtfU012BhEHHaDqvQNzg=="],

    "@img/sharp-linuxmusl-x64": ["@img/sharp-linuxmusl-x64@0.35.2", "", { "optionalDependencies": { "@img/sharp-libvips-linuxmusl-x64": "1.3.1" }, "os": "linux", "cpu": "x64" }, "sha512-YBqMMcjDi4QGYiSn4vNOYBhmlC4z5AXqkOUUqI2e0AFA4urNv4ESgOgwNl3K+4etQhha0twXlzeF20bbULm9Yg=="],

    "@img/sharp-wasm32": ["@img/sharp-wasm32@0.35.2", "", { "dependencies": { "@emnapi/runtime": "^1.11.1" } }, "sha512-Mrv4JQNYVQ94xH+jzZ9r+gowleN8mv2FTgKT+PI6bx5C0G8TdNYndu161pg2i7uoBwxy2ImPMHrJOM2LZef7Bw=="],

    "@img/sharp-webcontainers-wasm32": ["@img/sharp-webcontainers-wasm32@0.35.2", "", { "dependencies": { "@img/sharp-wasm32": "0.35.2" }, "cpu": "none" }, "sha512-QNV27pxs9wpApEiCfvHM1RDoP1w1+2KrUWWDPEhEwg+latvOrfuhWrHWZKwdSFwU6jh3myjw/yOCRsUIuOft3g=="],

    "@img/sharp-win32-arm64": ["@img/sharp-win32-arm64@0.35.2", "", { "os": "win32", "cpu": "arm64" }, "sha512-BiVRYc/t6/Vl3e1hBx0hugG4oN9Pydf4fgMSpxTQJmwGUg/YoXTWHiFeRymHfCZzifxu4F4rpk/I67D0LQ20wQ=="],

    "@img/sharp-win32-ia32": ["@img/sharp-win32-ia32@0.35.2", "", { "os": "win32", "cpu": "ia32" }, "sha512-YYEhx9PImCC7T0tI8JDMi4DB9LwLCXCU5OWNYEXAxh5Q1ShKkyC6byxzoBJ3gEFDnH2lQckWuDe70G7mB2XJog=="],

    "@img/sharp-win32-x64": ["@img/sharp-win32-x64@0.35.2", "", { "os": "win32", "cpu": "x64" }, "sha512-imoOyBcoM/iiUr4J6VPpCNjPnjvP/Gks95898yB8YqoGGYmHYbOyCuNv9FMhFgtaiHFGbHW8bxKqRV6VjtXThQ=="],

    "@redis/bloom": ["@redis/bloom@6.0.0", "", { "peerDependencies": { "@redis/client": "^6.0.0" } }, "sha512-P0n5NkV9IIdT6nYXOfMHG83sho8pE7Nay7yw27wOGVLv4DthgvzebpGz6m7VuMTizeJmw3LPw2Xek5wFUhGpVw=="],

    "@redis/client": ["@redis/client@6.0.0", "", { "dependencies": { "cluster-key-slot": "1.1.2" }, "peerDependencies": { "@node-rs/xxhash": "^1.1.0", "@opentelemetry/api": ">=1 <2" }, "optionalPeers": ["@node-rs/xxhash", "@opentelemetry/api"] }, "sha512-NS4iIT25r24sAjNQ2nSRdCW5jPJoV0rxkBee27oTeR+RXaOu89cjIsrww5rPBaYVGVdL1QCx9uz9141gZiSKdQ=="],

    "@redis/json": ["@redis/json@6.0.0", "", { "peerDependencies": { "@redis/client": "^6.0.0" } }, "sha512-F+eqFfgPcy57Zs1KW7UtLnBtRk6lxAUIoe7dyZerpm6e+ssYXG/dWJrbrHFYs0b7tt6QBtYpVuukBuM9XqhUAg=="],

    "@redis/search": ["@redis/search@6.0.0", "", { "peerDependencies": { "@redis/client": "^6.0.0" } }, "sha512-VHuCJ2W0YWFixGZh/l//8JiyOsD4gN+NhjdRAGIoUe0UQ4mtq1NyY2ZJ973XT+vYhaU21XdK8r8oNrd5n7wbzQ=="],

    "@redis/time-series": ["@redis/time-series@6.0.0", "", { "peerDependencies": { "@redis/client": "^6.0.0" } }, "sha512-QWhkYsg+3lhBrBf+cbzybtV8LQcSrk7iXIgTaGU+pHNFTkql7TpVRE24ROS6M2ybVIV6O/zxTqfxgxxYiqyw0Q=="],

    "@sapphire/async-queue": ["@sapphire/async-queue@1.5.5", "", {}, "sha512-cvGzxbba6sav2zZkH8GPf2oGk9yYoD5qrNWdu9fRehifgnFZJMV+nuy2nON2roRO4yQQ+v7MK/Pktl/HgfsUXg=="],

    "@sapphire/snowflake": ["@sapphire/snowflake@3.5.5", "", {}, "sha512-xzvBr1Q1c4lCe7i6sRnrofxeO1QTP/LKQ6A6qy0iB4x5yfiSfARMEQEghojzTNALDTcv8En04qYNIco9/K9eZQ=="],

    "@supabase/auth-js": ["@supabase/auth-js@2.108.2", "", { "dependencies": { "tslib": "2.8.1" } }, "sha512-tNaQmBgodDZwgB40mRwVbxFy8IDYwjdpcZ0BYrWiwlULCSQoJj4QoG4zgJT7QRPXcqipefNOzvO/qAu4dF98ag=="],

    "@supabase/functions-js": ["@supabase/functions-js@2.108.2", "", { "dependencies": { "tslib": "2.8.1" } }, "sha512-RNUX8EiBy3iLwAX19jtRzLyePnl11/fHcgwDHLnpKcDSXt/5qBnh3LUwAtIjT21Q66QsmNUR2esrHziLCpNubw=="],

    "@supabase/phoenix": ["@supabase/phoenix@0.4.4", "", {}, "sha512-Gt0pqoXuIqX/8dvG0OKp/wMCobXNH3klNbUPBNyOfN0YA1IswrM3HyWFMOPk1Jy+BRaIyDPcFx4jLBwHNmlyfQ=="],

    "@supabase/postgrest-js": ["@supabase/postgrest-js@2.108.2", "", { "dependencies": { "tslib": "2.8.1" } }, "sha512-GQ28/Y8hk3CFmkb3kXH1h/AQx6JIYSQfO0CJMRVBcEKZoNy6C45cXAZ4fcJvRC5Id0cs6xnkUV0+c0rIocigsw=="],

    "@supabase/realtime-js": ["@supabase/realtime-js@2.108.2", "", { "dependencies": { "@supabase/phoenix": "^0.4.2", "tslib": "2.8.1" } }, "sha512-aAGxCSUemZvQIibnCdvNvgaKib28I4rfrNjKbQ9cG1uBLwUsI7hVpGXgEbypCCDhLjQlDTAiJlu7rgljYUT73g=="],

    "@supabase/storage-js": ["@supabase/storage-js@2.108.2", "", { "dependencies": { "iceberg-js": "^0.8.1", "tslib": "2.8.1" } }, "sha512-TVZPQxXGxY2+A6yTtm77zUHsh70lBhYUEaJL8RQC+BghcX/ygiMG/rmXrNVBce30/WAeNPa8FiG8HbqlGeV05g=="],

    "@supabase/supabase-js": ["@supabase/supabase-js@2.108.2", "", { "dependencies": { "@supabase/auth-js": "2.108.2", "@supabase/functions-js": "2.108.2", "@supabase/postgrest-js": "2.108.2", "@supabase/realtime-js": "2.108.2", "@supabase/storage-js": "2.108.2" } }, "sha512-hFhnPveb5JQg4a0QYicM0swT253YHMdfeRAl2BKHOlI5VAzuHxUGSr8RbwNLYNPauWOgQMS1H8sz8bvYlgwUfQ=="],

    "@types/bun": ["@types/bun@1.3.14", "", { "dependencies": { "bun-types": "1.3.14" } }, "sha512-h1hFqFVcvAvD9j9K7ZW7vd82aSA+rTdznZa+5bwvCwqSB1jmmfLcbIWhOLx1/+boy/xmjgCs/OMUL8hRJSmnPw=="],

    "@types/luxon": ["@types/luxon@3.7.2", "", {}, "sha512-gW+Oib+vUtGJBtNC8V9Reww0oIpusw+4m81uncg9REGZAJfqOQHfo/nkabnc7w0QReXyPqjrbWMJk6NuAkiX3Q=="],

    "@types/node": ["@types/node@26.0.0", "", { "dependencies": { "undici-types": "~8.3.0" } }, "sha512-vf2YFi1iY9lHGwNJMs01biZFbKJkrZR1T6/MlzjhJLPdntOHLhTrDSnSVcdtvjihi4VQNlrFRIxLsDBlQpAipA=="],

    "@types/ws": ["@types/ws@8.18.1", "", { "dependencies": { "@types/node": "*" } }, "sha512-ThVF6DCVhA8kUGy+aazFQ4kXQ7E1Ty7A3ypFOe0IcJV8O/M511G99AW24irKrW56Wt44yG9+ij8FaqoBGkuBXg=="],

    "@vladfrangu/async_event_emitter": ["@vladfrangu/async_event_emitter@2.4.7", "", {}, "sha512-Xfe6rpCTxSxfbswi/W/Pz7zp1WWSNn4A0eW4mLkQUewCrXXtMj31lCg+iQyTkh/CkusZSq9eDflu7tjEDXUY6g=="],

    "agent-base": ["agent-base@9.0.0", "", {}, "sha512-TQf59BsZnytt8GdJKLPfUZ54g/iaUL2OWDSFCCvMOhsHduDQxO8xC4PNeyIkVcA5KwL2phPSv0douC0fgWzmnA=="],

    "bun-types": ["bun-types@1.3.14", "", { "dependencies": { "@types/node": "*" } }, "sha512-4N0ig0fEomHt5R0KCFWjovxow98rIoRwKolrYdCcknNwMekCXRnWEUvgu5soYV8QXtVsrUD8B95MBOZGPvr6KQ=="],

    "chrono-node": ["chrono-node@2.9.1", "", {}, "sha512-nqP8Zp11efCYQIESXPxeDM8ikzN5BDb3Zzou+a66fZq+X2hzKFdsNLQE2/uBAh//BZEMbaMo1eTnagK7hOenAg=="],

    "cluster-key-slot": ["cluster-key-slot@1.1.2", "", {}, "sha512-RMr0FhtfXemyinomL4hrWcYJxmX6deFdCxpJzhDttxgO1+bcCnkk+9drydLVDmAMG7NE6aN/fl4F7ucU/90gAA=="],

    "command-exists": ["command-exists@1.2.9", "", {}, "sha512-LTQ/SGc+s0Xc0Fu5WaKnR0YiygZkm9eKFvyS+fRsU7/ZWFF8ykFM6Pc9aCVf1+xasOOZpO3BAVgVrKvsqKHV7w=="],

    "complex.js": ["complex.js@2.4.3", "", {}, "sha512-UrQVSUur14tNX6tiP4y8T4w4FeJAX3bi2cIv0pu/DTLFNxoq7z2Yh83Vfzztj6Px3X/lubqQ9IrPp7Bpn6p4MQ=="],

    "data-uri-to-buffer": ["data-uri-to-buffer@4.0.1", "", {}, "sha512-0R9ikRb668HB7QDxT1vkpuUBtqc53YyAwMwGeUFKRojY/NWKvdZ+9UYtRfGmhqNbRkTSVpMbmyhXipFFv2cb/A=="],

    "debug": ["debug@4.4.3", "", { "dependencies": { "ms": "^2.1.3" }, "peerDependencies": { "supports-color": "*" }, "optionalPeers": ["supports-color"] }, "sha512-RGwwWnwQvkVfavKVt22FGLw+xYSdzARwm0ru6DhTVA3umU5hZc28V3kO4stgYryrTlLpuvgI9GiijltAjNbcqA=="],

    "decimal.js": ["decimal.js@10.6.0", "", {}, "sha512-YpgQiITW3JXGntzdUmyUR1V812Hn8T1YVXhCu+wO3OpS4eU9l4YdD3qjyiKdV6mvV29zapkMeD390UVEf2lkUg=="],

    "detect-libc": ["detect-libc@2.1.2", "", {}, "sha512-Btj2BOOO83o3WyH59e8MgXsxEQVcarkUOpEYrubB0urwnN10yQ364rsiByU11nZlqWYZm05i/of7io4mzihBtQ=="],

    "discord-api-types": ["discord-api-types@0.38.49", "", {}, "sha512-XnqcWmnFZFAE8ZM8SHAw9DIV8D3Or00rMQ8iQLotrEA2PmXhl+ykaf6L6q4l474hrSUH1JaYcv+iOMRWp2p6Tg=="],

    "escape-latex": ["escape-latex@1.2.0", "", {}, "sha512-nV5aVWW1K0wEiUIEdZ4erkGGH8mDxGyxSeqPzRNtWP7ataw+/olFObw7hujFWlVjNsaDFw5VZ5NzVSIqRgfTiw=="],

    "fetch-blob": ["fetch-blob@3.2.0", "", { "dependencies": { "node-domexception": "^1.0.0", "web-streams-polyfill": "^3.0.3" } }, "sha512-7yAQpD2UMJzLi1Dqv7qFYnPbaPx7ZfFK6PiIxQ4PfkGPyNyl2Ugx+a/umUonmKqjhM4DnfbMvdX6otXq83soQQ=="],

    "formdata-polyfill": ["formdata-polyfill@4.0.10", "", { "dependencies": { "fetch-blob": "^3.1.2" } }, "sha512-buewHzMvYL29jdeQTVILecSaZKnt/RJWjoZCF5OW60Z67/GmSLBkOFM7qh1PI3zFNtJbaZL5eQu1vLfazOwj4g=="],

    "fraction.js": ["fraction.js@5.3.4", "", {}, "sha512-1X1NTtiJphryn/uLQz3whtY6jK3fTqoE3ohKs0tT+Ujr1W59oopxmoEh7Lu5p6vBaPbgoM0bzveAW4Qi5RyWDQ=="],

    "hono": ["hono@4.12.27", "", {}, "sha512-1yrb/+w6HWQJrUCLkJ2IF5jNIPvvFkblV5RNOYl6bV+OA6p9GLcMpHFFGTosSvHvcAUibuUukRqhlYI4z32C7Q=="],

    "https-proxy-agent": ["https-proxy-agent@9.1.0", "", { "dependencies": { "agent-base": "9.0.0", "debug": "^4.3.4", "proxy-agent-negotiate": "1.1.0" } }, "sha512-ag87y7cJJ9/3+GxFr8Oy4O5faDsGRGnBGsJj/YjOSsSx/5eadKLYTMPlzuR6obgoCDDm0abAAZitXXQkMOPSpA=="],

    "i18next": ["i18next@26.3.2", "", { "peerDependencies": { "typescript": "^5 || ^6" }, "optionalPeers": ["typescript"] }, "sha512-QQkXAM1sPDHqhxMQuBeHVMUn6mJchF+wdpOoQerciLAFqO3ZYdxO0EUbeEhruyutnNwpUQIITDVzLjwnNL0T1w=="],

    "i18next-fs-backend": ["i18next-fs-backend@2.6.6", "", {}, "sha512-mYGu6Nt8RIp3X/U8Y+Gej1wo5xmYWmGKLqBGMCC2OCAou5rW5epeHgHmVcw20mJs9Z9+DAPHIxQPNCgFyPRMeg=="],

    "iceberg-js": ["iceberg-js@0.8.1", "", {}, "sha512-1dhVQZXhcHje7798IVM+xoo/1ZdVfzOMIc8/rgVSijRK38EDqOJoGula9N/8ZI5RD8QTxNQtK/Gozpr+qUqRRA=="],

    "ip-address": ["ip-address@10.2.0", "", {}, "sha512-/+S6j4E9AHvW9SWMSEY9Xfy66O5PWvVEJ08O0y5JGyEKQpojb0K0GKpz/v5HJ/G0vi3D2sjGK78119oXZeE0qA=="],

    "javascript-natural-sort": ["javascript-natural-sort@0.7.1", "", {}, "sha512-nO6jcEfZWQXDhOiBtG2KvKyEptz7RVbpGP4vTD2hLBdmNQSsCiicO2Ioinv6UI4y9ukqnBpy+XZ9H6uLNgJTlw=="],

    "linkdave": ["linkdave@0.2.3", "", { "dependencies": { "discord-api-types": "^0.38.48" } }, "sha512-amJB7or29iYR17N9mmAQmAoGMwdNOMQY+opUMs5SXm+7+2Z6FuTHXZjRbUTgh5WxOMDX753TimW2Cp4QnPwHew=="],

    "luxon": ["luxon@3.7.2", "", {}, "sha512-vtEhXh/gNjI9Yg1u4jX/0YVPMvxzHuGgCm6tC5kZyb08yjGWGnqAjGJvcXbqQR2P3MyMEFnRbpcdFS6PBcLqew=="],

    "magic-bytes.js": ["magic-bytes.js@1.13.0", "", {}, "sha512-afO2mnxW7GDTXMm5/AoN1WuOcdoKhtgXjIvHmobqTD1grNplhGdv3PFOyjCVmrnOZBIT/gD/koDKpYG+0mvHcg=="],

    "mathjs": ["mathjs@15.2.0", "", { "dependencies": { "@babel/runtime": "^7.26.10", "complex.js": "^2.2.5", "decimal.js": "^10.4.3", "escape-latex": "^1.2.0", "fraction.js": "^5.2.1", "javascript-natural-sort": "^0.7.1", "seedrandom": "^3.0.5", "tiny-emitter": "^2.1.0", "typed-function": "^4.2.1" }, "bin": { "mathjs": "bin/cli.js" } }, "sha512-UAQzSVob9rNLdGpqcFMYmSu9dkuLYy7Lr2hBEQS5SHQdknA9VppJz3cy2KkpMzTODunad6V6cNv+5kOLsePLow=="],

    "ms": ["ms@2.1.3", "", {}, "sha512-6FlzubTLZG3J2a/NVCAleEhjzq5oxgHyaCU9yYXvcLsvoVaHJq/s5xXI6/XXP6tz7R9xAOtHnSO/tXtF3WRTlA=="],

    "node-cron": ["node-cron@4.5.0", "", {}, "sha512-4Trh+kjvbXokyJkwQumvD5YAgeJfgHLR/sKyu71uSmxfCR5QMO1hldpvmFZOICN5pLgNY+J5Y8+ar3XKo5/4tQ=="],

    "node-domexception": ["node-domexception@1.0.0", "", {}, "sha512-/jKZoMpw0F8GRwl4/eLROPA3cfcXtLApP0QzLmUT/HuPCZWyB7IY9ZrMeKw2O/nFIqPQB3PVM9aYm0F312AXDQ=="],

    "node-fetch": ["node-fetch@3.3.2", "", { "dependencies": { "data-uri-to-buffer": "^4.0.0", "fetch-blob": "^3.1.4", "formdata-polyfill": "^4.0.10" } }, "sha512-dRB78srN/l6gqWulah9SrxeYnxeddIG30+GOqK/9OlLVyLg3HPnr6SqOWTWOXKRwC2eGYCkZ59NNuSgvSrpgOA=="],

    "openai": ["openai@6.44.0", "", { "peerDependencies": { "ws": "^8.18.0", "zod": "^3.25 || ^4.0" }, "optionalPeers": ["ws", "zod"] }, "sha512-09/gH+8jH0RgUwsgWHAaxsKGRT5zVZ95IaJUnqAWj6XejIBmnFRwq2WUIF37VtDEsmGrtPmvCs5+yBSeZGWvkA=="],

    "prettier": ["prettier@3.8.4", "", { "bin": { "prettier": "bin/prettier.cjs" } }, "sha512-N2MylSdi48+5N/6S5j+maeHbUSIzzZ5uOcX5Hm4QpV8Dkb1HFjfAKTKX6yNPJQD9AhcT3ifHNB66tWTTJDi11Q=="],

    "proxy-agent-negotiate": ["proxy-agent-negotiate@1.1.0", "", { "peerDependencies": { "kerberos": "^2.0.0" }, "optionalPeers": ["kerberos"] }, "sha512-N8IBcM3UgCVzz2L2Lqv8DVntDnnC8/hiV4nEDUPkqq72TPUgYWjQc+bdZlBPZK9LzPAvOY//gAt0S0DApoOXWQ=="],

    "redis": ["redis@6.0.0", "", { "dependencies": { "@redis/bloom": "6.0.0", "@redis/client": "6.0.0", "@redis/json": "6.0.0", "@redis/search": "6.0.0", "@redis/time-series": "6.0.0" } }, "sha512-n9Thfc39OXleEoPT2k5gwKsqY+HfCww3YS71ofcr9KKbkn89bpjU9dToIlD+JRdM3/GYQkwMtVgTxLyed+LptQ=="],

    "seedrandom": ["seedrandom@3.0.5", "", {}, "sha512-8OwmbklUNzwezjGInmZ+2clQmExQPvomqjL7LFqOYqtmuxRgQYqOD3mHaU+MvZn5FLUeVxVfQjwLZW/n/JFuqg=="],

    "semver": ["semver@7.8.5", "", { "bin": { "semver": "bin/semver.js" } }, "sha512-Y7/KDsb8LjooZpwaqGyulO6DQlksgCncchHGk+sZIY4SBvUocMBEFH5Ur1fI4dV+Jvl0w6cjvucaIi40puRioA=="],

    "sharp": ["sharp@0.35.2", "", { "dependencies": { "@img/colour": "^1.1.0", "detect-libc": "^2.1.2", "semver": "^7.8.4" }, "optionalDependencies": { "@img/sharp-darwin-arm64": "0.35.2", "@img/sharp-darwin-x64": "0.35.2", "@img/sharp-freebsd-wasm32": "0.35.2", "@img/sharp-libvips-darwin-arm64": "1.3.1", "@img/sharp-libvips-darwin-x64": "1.3.1", "@img/sharp-libvips-linux-arm": "1.3.1", "@img/sharp-libvips-linux-arm64": "1.3.1", "@img/sharp-libvips-linux-ppc64": "1.3.1", "@img/sharp-libvips-linux-riscv64": "1.3.1", "@img/sharp-libvips-linux-s390x": "1.3.1", "@img/sharp-libvips-linux-x64": "1.3.1", "@img/sharp-libvips-linuxmusl-arm64": "1.3.1", "@img/sharp-libvips-linuxmusl-x64": "1.3.1", "@img/sharp-linux-arm": "0.35.2", "@img/sharp-linux-arm64": "0.35.2", "@img/sharp-linux-ppc64": "0.35.2", "@img/sharp-linux-riscv64": "0.35.2", "@img/sharp-linux-s390x": "0.35.2", "@img/sharp-linux-x64": "0.35.2", "@img/sharp-linuxmusl-arm64": "0.35.2", "@img/sharp-linuxmusl-x64": "0.35.2", "@img/sharp-webcontainers-wasm32": "0.35.2", "@img/sharp-win32-arm64": "0.35.2", "@img/sharp-win32-ia32": "0.35.2", "@img/sharp-win32-x64": "0.35.2" } }, "sha512-FVtFjtBCMiJS6yb5CX7Sop45WFMpeGw6oRKuJnXYgf/f1ms/D7LE/ZUSNxnW7rZ/dbslQWYkoqFHGPaDBtaK4w=="],

    "smart-buffer": ["smart-buffer@4.2.0", "", {}, "sha512-94hK0Hh8rPqQl2xXc3HsaBoOXKV20MToPkcXvwbISWLEs+64sBq5kFgn2kJDHb1Pry9yrP0dxrCI9RRci7RXKg=="],

    "socks": ["socks@2.8.9", "", { "dependencies": { "ip-address": "^10.1.1", "smart-buffer": "^4.2.0" } }, "sha512-LJhUYUvItdQ0LkJTmPeaEObWXAqFyfmP85x0tch/ez9cahmhlBBLbIqDFnvBnUJGagb0JbIQrkBs1wJ+yRYpEw=="],

    "socks-proxy-agent": ["socks-proxy-agent@10.1.0", "", { "dependencies": { "agent-base": "9.0.0", "debug": "^4.3.4", "socks": "^2.8.3" } }, "sha512-WlMj/67cEJ6MDI1OcsnjuYKDNDoyPCCYZ249kuuXPiMDw9F8PXkVaQ7YWu3siTydfQ/4BEZcvGzu+aYvz7dDCQ=="],

    "tiny-emitter": ["tiny-emitter@2.1.0", "", {}, "sha512-NB6Dk1A9xgQPMoGqC5CVXn123gWyte215ONT5Pp5a0yt4nlEoO1ZWeCwpncaekPHXO60i47ihFnZPiRPjRMq4Q=="],

    "tr46": ["tr46@0.0.3", "", {}, "sha512-N3WMsuqV66lT30CrXNbEjx4GEwlow3v6rr4mCcv6prnfwhS01rkgyFdjPNBYd9br7LpXV1+Emh01fHnq2Gdgrw=="],

    "tslib": ["tslib@2.8.1", "", {}, "sha512-oJFu94HQb+KVduSUQL7wnpmqnfmLsOA/nAh6b6EH0wCEoK0/mPeXU6c3wKDV83MkOuHPRHtSXKKU99IBazS/2w=="],

    "tweetnacl": ["tweetnacl@1.0.3", "", {}, "sha512-6rt+RN7aOi1nGMyC4Xa5DdYiukl2UWCbcJft7YhxReBGQD7OAM8Pbxw6YMo4r2diNEA8FEmu32YOn9rhaiE5yw=="],

    "typed-function": ["typed-function@4.2.2", "", {}, "sha512-VwaXim9Gp1bngi/q3do8hgttYn2uC3MoT/gfuMWylnj1IeZBUAyPddHZlo1K05BDoj8DYPpMdiHqH1dDYdJf2A=="],

    "typescript": ["typescript@6.0.3", "", { "bin": { "tsc": "bin/tsc", "tsserver": "bin/tsserver" } }, "sha512-y2TvuxSZPDyQakkFRPZHKFm+KKVqIisdg9/CZwm9ftvKXLP8NRWj38/ODjNbr43SsoXqNuAisEf1GdCxqWcdBw=="],

    "undici": ["undici@6.24.1", "", {}, "sha512-sC+b0tB1whOCzbtlx20fx3WgCXwkW627p4EA9uM+/tNNPkSS+eSEld6pAs9nDv7WbY1UUljBMYPtu9BCOrCWKA=="],

    "undici-types": ["undici-types@8.3.0", "", {}, "sha512-j375ScV60dom+YkPFIfTLcOiPxkN/buHz5GobjLhixFuANaNs3C9l4GmrWqejgXWJ7BbJcFYpTEUkS1Ge8bpZQ=="],

    "web-streams-polyfill": ["web-streams-polyfill@3.3.3", "", {}, "sha512-d2JWLCivmZYTSIoge9MsgFCZrt571BikcWGYkjC1khllbTeDlGqZ2D8vD8E/lJa8WGWbb7Plm8/XJYV7IJHZZw=="],

    "webidl-conversions": ["webidl-conversions@3.0.1", "", {}, "sha512-2JAn3z8AR6rjK8Sm8orRC0h/bcl/DqL7tRPdGZ4I1CjdF+EaMLmYxBHyXuKL849eucPFhvBoxMsflfOb8kxaeQ=="],

    "whatwg-url": ["whatwg-url@5.0.0", "", { "dependencies": { "tr46": "~0.0.3", "webidl-conversions": "^3.0.0" } }, "sha512-saE57nupxk6v3HY35+jzBwYa0rKSy0XR8JSxZPwgLr7ys0IBzhGviA1/TUGJLmSVqs8pb9AnvICXEuOHLprYTw=="],

    "ws": ["ws@8.21.0", "", { "peerDependencies": { "bufferutil": "^4.0.1", "utf-8-validate": ">=5.0.2" }, "optionalPeers": ["bufferutil", "utf-8-validate"] }, "sha512-Vsp28b7DRcimFQvrqu2Wek3z1iYxDCWqHYB8Qsnk/S4RfaCQzPGPyBNuVjJV3cd6UiKtUtp6sNM77gWvzcCH+g=="],

    "@elevenlabs/elevenlabs-js/node-fetch": ["node-fetch@2.7.0", "", { "dependencies": { "whatwg-url": "^5.0.0" }, "peerDependencies": { "encoding": "^0.1.0" }, "optionalPeers": ["encoding"] }, "sha512-c4FRfUm/dbcWZ7U+1Wq0AwCyFL+3nt2bEw05wfxSz+DWpWsitgmSgYmy2dQdWyKC1694ELPqMs/YzUSNozLt8A=="],
  }
}
